
Microsoft Visual Studio Solution File, Format Version 12.00
# Visual Studio Version 17
VisualStudioVersion = 17.3.32929.385
MinimumVisualStudioVersion = 10.0.40219.1
Project("{FAE04EC0-301F-11D3-BF4B-00C04F79EFBC}") = "SFA.DAS.EarlyConnect.Api", "SFA.DAS.EarlyConnect.Api\SFA.DAS.EarlyConnect.Api.csproj", "{32A51BD3-8466-4B6F-B03C-8D440C290027}"
EndProject
Global
	GlobalSection(SolutionConfigurationPlatforms) = preSolution
		Debug|Any CPU = Debug|Any CPU
		Release|Any CPU = Release|Any CPU
	EndGlobalSection
	GlobalSection(ProjectConfigurationPlatforms) = postSolution
		{32A51BD3-8466-4B6F-B03C-8D440C290027}.Debug|Any CPU.ActiveCfg = Debug|Any CPU
		{32A51BD3-8466-4B6F-B03C-8D440C290027}.Debug|Any CPU.Build.0 = Debug|Any CPU
		{32A51BD3-8466-4B6F-B03C-8D440C290027}.Release|Any CPU.ActiveCfg = Release|Any CPU
		{32A51BD3-8466-4B6F-B03C-8D440C290027}.Release|Any CPU.Build.0 = Release|Any CPU
	EndGlobalSection
	GlobalSection(SolutionProperties) = preSolution
		HideSolutionNode = FALSE
	EndGlobalSection
	GlobalSection(ExtensibilityGlobals) = postSolution
		SolutionGuid = {4CAEDFB7-699B-4737-8CF7-B185A29EFFC2}
	EndGlobalSection
EndGlobal
